github.com/lionsoul2014/ip2region v1.9.0-release h1:b4FxevWljlOb+Z3qtAMQIvel6az21p7OeZ0K1wn/3mI=
github.com/lionsoul2014/ip2region v2.1.0-release+incompatible h1:FHT0RIeHl5C1G+V0mhKI+kFoBoDOPBEmF8hVhKZcmNs=
github.com/lionsoul2014/ip2region v2.1.0-release+incompatible/go.mod h1:+ZBN7PBoh5gG6/y0ZQ85vJDBe21WnfbRrQQwTfliJJI=
